
Microsoft Visual Studio Solution File, Format Version 12.00
# Visual Studio 15
VisualStudioVersion = 15.0.27703.2042
MinimumVisualStudioVersion = 10.0.40219.1
Project("{FAE04EC0-301F-11D3-BF4B-00C04F79EFBC}") = "AWSmS.Client", "AWSmS.Client\AWSmS.Client.csproj", "{8A99E435-C106-4D7C-8F73-A226792501A8}"
EndProject
Project("{FAE04EC0-301F-11D3-BF4B-00C04F79EFBC}") = "AWSmS.Service", "AWSmS.Service\AWSmS.Service.csproj", "{324CE042-903E-4A6A-9D05-F5366494E8F6}"
EndProject
Project("{FAE04EC0-301F-11D3-BF4B-00C04F79EFBC}") = "AWSmS.Utils", "AWSmS.Utils\AWSmS.Utils.csproj", "{8711ED5B-CAC7-4364-B9B4-A7CD8BD6116F}"
EndProject
Global
	GlobalSection(SolutionConfigurationPlatforms) = preSolution
		Debug|Any CPU = Debug|Any CPU
		Release|Any CPU = Release|Any CPU
	EndGlobalSection
	GlobalSection(ProjectConfigurationPlatforms) = postSolution
		{8A99E435-C106-4D7C-8F73-A226792501A8}.Debug|Any CPU.ActiveCfg = Debug|Any CPU
		{8A99E435-C106-4D7C-8F73-A226792501A8}.Debug|Any CPU.Build.0 = Debug|Any CPU
		{8A99E435-C106-4D7C-8F73-A226792501A8}.Release|Any CPU.ActiveCfg = Release|Any CPU
		{8A99E435-C106-4D7C-8F73-A226792501A8}.Release|Any CPU.Build.0 = Release|Any CPU
		{324CE042-903E-4A6A-9D05-F5366494E8F6}.Debug|Any CPU.ActiveCfg = Debug|Any CPU
		{324CE042-903E-4A6A-9D05-F5366494E8F6}.Debug|Any CPU.Build.0 = Debug|Any CPU
		{324CE042-903E-4A6A-9D05-F5366494E8F6}.Release|Any CPU.ActiveCfg = Release|Any CPU
		{324CE042-903E-4A6A-9D05-F5366494E8F6}.Release|Any CPU.Build.0 = Release|Any CPU
		{8711ED5B-CAC7-4364-B9B4-A7CD8BD6116F}.Debug|Any CPU.ActiveCfg = Debug|Any CPU
		{8711ED5B-CAC7-4364-B9B4-A7CD8BD6116F}.Debug|Any CPU.Build.0 = Debug|Any CPU
		{8711ED5B-CAC7-4364-B9B4-A7CD8BD6116F}.Release|Any CPU.ActiveCfg = Release|Any CPU
		{8711ED5B-CAC7-4364-B9B4-A7CD8BD6116F}.Release|Any CPU.Build.0 = Release|Any CPU
	EndGlobalSection
	GlobalSection(SolutionProperties) = preSolution
		HideSolutionNode = FALSE
	EndGlobalSection
	GlobalSection(ExtensibilityGlobals) = postSolution
		SolutionGuid = {D939DF13-F46E-4744-8EE0-47CAA899F610}
	EndGlobalSection
EndGlobal
